
Microsoft Visual Studio Solution File, Format Version 12.00
# Visual Studio 15
VisualStudioVersion = 15.0.27428.2011
MinimumVisualStudioVersion = 10.0.40219.1
Project("{FAE04EC0-301F-11D3-BF4B-00C04F79EFBC}") = "Monitoring", "Monitoring\Monitoring.csproj", "{62F49B26-8794-47BA-A6F5-E136AB9E3D4A}"
EndProject
Global
	GlobalSection(SolutionConfigurationPlatforms) = preSolution
		Debug|Any CPU = Debug|Any CPU
		Release|Any CPU = Release|Any CPU
	EndGlobalSection
	GlobalSection(ProjectConfigurationPlatforms) = postSolution
		{62F49B26-8794-47BA-A6F5-E136AB9E3D4A}.Debug|Any CPU.ActiveCfg = Debug|Any CPU
		{62F49B26-8794-47BA-A6F5-E136AB9E3D4A}.Debug|Any CPU.Build.0 = Debug|Any CPU
		{62F49B26-8794-47BA-A6F5-E136AB9E3D4A}.Release|Any CPU.ActiveCfg = Release|Any CPU
		{62F49B26-8794-47BA-A6F5-E136AB9E3D4A}.Release|Any CPU.Build.0 = Release|Any CPU
	EndGlobalSection
	GlobalSection(SolutionProperties) = preSolution
		HideSolutionNode = FALSE
	EndGlobalSection
	GlobalSection(ExtensibilityGlobals) = postSolution
		SolutionGuid = {3E63A6A5-9FC4-42A5-87CC-D8E5FD2D1B29}
	EndGlobalSection
EndGlobal
